
Microsoft Visual Studio Solution File, Format Version 12.00
# Visual Studio Version 17
VisualStudioVersion = 17.0.31903.59
MinimumVisualStudioVersion = 10.0.40219.1
Project("{2150E333-8FDC-42A3-9474-1A3956D46DE8}") = "src", "src", "{827E0CD3-B72D-47B6-A68D-7590B98EB39B}"
EndProject
Project("{FAE04EC0-301F-11D3-BF4B-00C04F79EFBC}") = "SpiderAgent.Chat", "src\SpiderAgent.Chat\SpiderAgent.Chat.csproj", "{E5636570-99C2-4840-9D0B-28965AACF998}"
EndProject
Project("{FAE04EC0-301F-11D3-BF4B-00C04F79EFBC}") = "SpiderAgent.Core", "src\SpiderAgent.Core\SpiderAgent.Core.csproj", "{E2C423E5-46AD-49EB-8619-66C57078A9BD}"
EndProject
Project("{FAE04EC0-301F-11D3-BF4B-00C04F79EFBC}") = "SpiderAgent.App", "src\SpiderAgent.App\SpiderAgent.App.csproj", "{55F2AC25-C5B0-4049-AC08-FBF3BB3F3C50}"
EndProject
Project("{FAE04EC0-301F-11D3-BF4B-00C04F79EFBC}") = "SpiderAgent.Recording", "src\SpiderAgent.Recording\SpiderAgent.Recording.csproj", "{CDC75DE9-350A-41D2-AFAB-8E4A076B5C8C}"
EndProject
Project("{FAE04EC0-301F-11D3-BF4B-00C04F79EFBC}") = "SpiderAgent.NativeHost", "src\SpiderAgent.NativeHost\SpiderAgent.NativeHost.csproj", "{9456322C-4F6F-4405-B162-9AA8E32B966F}"
EndProject
Global
	GlobalSection(SolutionConfigurationPlatforms) = preSolution
		Debug|Any CPU = Debug|Any CPU
		Debug|x64 = Debug|x64
		Debug|x86 = Debug|x86
		Release|Any CPU = Release|Any CPU
		Release|x64 = Release|x64
		Release|x86 = Release|x86
	EndGlobalSection
	GlobalSection(ProjectConfigurationPlatforms) = postSolution
		{E5636570-99C2-4840-9D0B-28965AACF998}.Debug|Any CPU.ActiveCfg = Debug|Any CPU
		{E5636570-99C2-4840-9D0B-28965AACF998}.Debug|Any CPU.Build.0 = Debug|Any CPU
		{E5636570-99C2-4840-9D0B-28965AACF998}.Debug|x64.ActiveCfg = Debug|Any CPU
		{E5636570-99C2-4840-9D0B-28965AACF998}.Debug|x64.Build.0 = Debug|Any CPU
		{E5636570-99C2-4840-9D0B-28965AACF998}.Debug|x86.ActiveCfg = Debug|Any CPU
		{E5636570-99C2-4840-9D0B-28965AACF998}.Debug|x86.Build.0 = Debug|Any CPU
		{E5636570-99C2-4840-9D0B-28965AACF998}.Release|Any CPU.ActiveCfg = Release|Any CPU
		{E5636570-99C2-4840-9D0B-28965AACF998}.Release|Any CPU.Build.0 = Release|Any CPU
		{E5636570-99C2-4840-9D0B-28965AACF998}.Release|x64.ActiveCfg = Release|Any CPU
		{E5636570-99C2-4840-9D0B-28965AACF998}.Release|x64.Build.0 = Release|Any CPU
		{E5636570-99C2-4840-9D0B-28965AACF998}.Release|x86.ActiveCfg = Release|Any CPU
		{E5636570-99C2-4840-9D0B-28965AACF998}.Release|x86.Build.0 = Release|Any CPU
		{E2C423E5-46AD-49EB-8619-66C57078A9BD}.Debug|Any CPU.ActiveCfg = Debug|Any CPU
		{E2C423E5-46AD-49EB-8619-66C57078A9BD}.Debug|Any CPU.Build.0 = Debug|Any CPU
		{E2C423E5-46AD-49EB-8619-66C57078A9BD}.Debug|x64.ActiveCfg = Debug|Any CPU
		{E2C423E5-46AD-49EB-8619-66C57078A9BD}.Debug|x64.Build.0 = Debug|Any CPU
		{E2C423E5-46AD-49EB-8619-66C57078A9BD}.Debug|x86.ActiveCfg = Debug|Any CPU
		{E2C423E5-46AD-49EB-8619-66C57078A9BD}.Debug|x86.Build.0 = Debug|Any CPU
		{E2C423E5-46AD-49EB-8619-66C57078A9BD}.Release|Any CPU.ActiveCfg = Release|Any CPU
		{E2C423E5-46AD-49EB-8619-66C57078A9BD}.Release|Any CPU.Build.0 = Release|Any CPU
		{E2C423E5-46AD-49EB-8619-66C57078A9BD}.Release|x64.ActiveCfg = Release|Any CPU
		{E2C423E5-46AD-49EB-8619-66C57078A9BD}.Release|x64.Build.0 = Release|Any CPU
		{E2C423E5-46AD-49EB-8619-66C57078A9BD}.Release|x86.ActiveCfg = Release|Any CPU
		{E2C423E5-46AD-49EB-8619-66C57078A9BD}.Release|x86.Build.0 = Release|Any CPU
		{55F2AC25-C5B0-4049-AC08-FBF3BB3F3C50}.Debug|Any CPU.ActiveCfg = Debug|Any CPU
		{55F2AC25-C5B0-4049-AC08-FBF3BB3F3C50}.Debug|Any CPU.Build.0 = Debug|Any CPU
		{55F2AC25-C5B0-4049-AC08-FBF3BB3F3C50}.Debug|x64.ActiveCfg = Debug|Any CPU
		{55F2AC25-C5B0-4049-AC08-FBF3BB3F3C50}.Debug|x64.Build.0 = Debug|Any CPU
		{55F2AC25-C5B0-4049-AC08-FBF3BB3F3C50}.Debug|x86.ActiveCfg = Debug|Any CPU
		{55F2AC25-C5B0-4049-AC08-FBF3BB3F3C50}.Debug|x86.Build.0 = Debug|Any CPU
		{55F2AC25-C5B0-4049-AC08-FBF3BB3F3C50}.Release|Any CPU.ActiveCfg = Release|Any CPU
		{55F2AC25-C5B0-4049-AC08-FBF3BB3F3C50}.Release|Any CPU.Build.0 = Release|Any CPU
		{55F2AC25-C5B0-4049-AC08-FBF3BB3F3C50}.Release|x64.ActiveCfg = Release|Any CPU
		{55F2AC25-C5B0-4049-AC08-FBF3BB3F3C50}.Release|x64.Build.0 = Release|Any CPU
		{55F2AC25-C5B0-4049-AC08-FBF3BB3F3C50}.Release|x86.ActiveCfg = Release|Any CPU
		{55F2AC25-C5B0-4049-AC08-FBF3BB3F3C50}.Release|x86.Build.0 = Release|Any CPU
		{CDC75DE9-350A-41D2-AFAB-8E4A076B5C8C}.Debug|Any CPU.ActiveCfg = Debug|Any CPU
		{CDC75DE9-350A-41D2-AFAB-8E4A076B5C8C}.Debug|Any CPU.Build.0 = Debug|Any CPU
		{CDC75DE9-350A-41D2-AFAB-8E4A076B5C8C}.Debug|x64.ActiveCfg = Debug|Any CPU
		{CDC75DE9-350A-41D2-AFAB-8E4A076B5C8C}.Debug|x64.Build.0 = Debug|Any CPU
		{CDC75DE9-350A-41D2-AFAB-8E4A076B5C8C}.Debug|x86.ActiveCfg = Debug|Any CPU
		{CDC75DE9-350A-41D2-AFAB-8E4A076B5C8C}.Debug|x86.Build.0 = Debug|Any CPU
		{CDC75DE9-350A-41D2-AFAB-8E4A076B5C8C}.Release|Any CPU.ActiveCfg = Release|Any CPU
		{CDC75DE9-350A-41D2-AFAB-8E4A076B5C8C}.Release|Any CPU.Build.0 = Release|Any CPU
		{CDC75DE9-350A-41D2-AFAB-8E4A076B5C8C}.Release|x64.ActiveCfg = Release|Any CPU
		{CDC75DE9-350A-41D2-AFAB-8E4A076B5C8C}.Release|x64.Build.0 = Release|Any CPU
		{CDC75DE9-350A-41D2-AFAB-8E4A076B5C8C}.Release|x86.ActiveCfg = Release|Any CPU
		{CDC75DE9-350A-41D2-AFAB-8E4A076B5C8C}.Release|x86.Build.0 = Release|Any CPU
		{9456322C-4F6F-4405-B162-9AA8E32B966F}.Debug|Any CPU.ActiveCfg = Debug|Any CPU
		{9456322C-4F6F-4405-B162-9AA8E32B966F}.Debug|Any CPU.Build.0 = Debug|Any CPU
		{9456322C-4F6F-4405-B162-9AA8E32B966F}.Debug|x64.ActiveCfg = Debug|Any CPU
		{9456322C-4F6F-4405-B162-9AA8E32B966F}.Debug|x64.Build.0 = Debug|Any CPU
		{9456322C-4F6F-4405-B162-9AA8E32B966F}.Debug|x86.ActiveCfg = Debug|Any CPU
		{9456322C-4F6F-4405-B162-9AA8E32B966F}.Debug|x86.Build.0 = Debug|Any CPU
		{9456322C-4F6F-4405-B162-9AA8E32B966F}.Release|Any CPU.ActiveCfg = Release|Any CPU
		{9456322C-4F6F-4405-B162-9AA8E32B966F}.Release|Any CPU.Build.0 = Release|Any CPU
		{9456322C-4F6F-4405-B162-9AA8E32B966F}.Release|x64.ActiveCfg = Release|Any CPU
		{9456322C-4F6F-4405-B162-9AA8E32B966F}.Release|x64.Build.0 = Release|Any CPU
		{9456322C-4F6F-4405-B162-9AA8E32B966F}.Release|x86.ActiveCfg = Release|Any CPU
		{9456322C-4F6F-4405-B162-9AA8E32B966F}.Release|x86.Build.0 = Release|Any CPU
	EndGlobalSection
	GlobalSection(SolutionProperties) = preSolution
		HideSolutionNode = FALSE
	EndGlobalSection
	GlobalSection(NestedProjects) = preSolution
		{E5636570-99C2-4840-9D0B-28965AACF998} = {827E0CD3-B72D-47B6-A68D-7590B98EB39B}
		{E2C423E5-46AD-49EB-8619-66C57078A9BD} = {827E0CD3-B72D-47B6-A68D-7590B98EB39B}
		{55F2AC25-C5B0-4049-AC08-FBF3BB3F3C50} = {827E0CD3-B72D-47B6-A68D-7590B98EB39B}
		{CDC75DE9-350A-41D2-AFAB-8E4A076B5C8C} = {827E0CD3-B72D-47B6-A68D-7590B98EB39B}
		{9456322C-4F6F-4405-B162-9AA8E32B966F} = {827E0CD3-B72D-47B6-A68D-7590B98EB39B}
	EndGlobalSection
EndGlobal
