
Microsoft Visual Studio Solution File, Format Version 12.00
# Visual Studio Version 17
VisualStudioVersion = 17.14.36203.30 d17.14
MinimumVisualStudioVersion = 10.0.40219.1
Project("{FAE04EC0-301F-11D3-BF4B-00C04F79EFBC}") = "F2B.OS", "F2B.OS\F2B.OS.csproj", "{F574735B-3D08-46D3-85A5-BAFAA03A4B06}"
EndProject
Global
	GlobalSection(SolutionConfigurationPlatforms) = preSolution
		Debug|Any CPU = Debug|Any CPU
		Release|Any CPU = Release|Any CPU
	EndGlobalSection
	GlobalSection(ProjectConfigurationPlatforms) = postSolution
		{F574735B-3D08-46D3-85A5-BAFAA03A4B06}.Debug|Any CPU.ActiveCfg = Debug|Any CPU
		{F574735B-3D08-46D3-85A5-BAFAA03A4B06}.Debug|Any CPU.Build.0 = Debug|Any CPU
		{F574735B-3D08-46D3-85A5-BAFAA03A4B06}.Release|Any CPU.ActiveCfg = Release|Any CPU
		{F574735B-3D08-46D3-85A5-BAFAA03A4B06}.Release|Any CPU.Build.0 = Release|Any CPU
	EndGlobalSection
	GlobalSection(SolutionProperties) = preSolution
		HideSolutionNode = FALSE
	EndGlobalSection
	GlobalSection(ExtensibilityGlobals) = postSolution
		SolutionGuid = {4BE7B1EB-EB3E-44D8-B053-004E11751BCA}
	EndGlobalSection
EndGlobal
