
Microsoft Visual Studio Solution File, Format Version 12.00
# Visual Studio Version 17
VisualStudioVersion = 17.14.36203.30 d17.14
MinimumVisualStudioVersion = 10.0.40219.1
Project("{FAE04EC0-301F-11D3-BF4B-00C04F79EFBC}") = "Playwright.Activities", "Playwright.Activities\Playwright.Activities.csproj", "{55AEE8F4-36F2-4731-8967-198B00B31725}"
EndProject
Global
	GlobalSection(SolutionConfigurationPlatforms) = preSolution
		Debug|Any CPU = Debug|Any CPU
		Release|Any CPU = Release|Any CPU
	EndGlobalSection
	GlobalSection(ProjectConfigurationPlatforms) = postSolution
		{55AEE8F4-36F2-4731-8967-198B00B31725}.Debug|Any CPU.ActiveCfg = Debug|Any CPU
		{55AEE8F4-36F2-4731-8967-198B00B31725}.Debug|Any CPU.Build.0 = Debug|Any CPU
		{55AEE8F4-36F2-4731-8967-198B00B31725}.Release|Any CPU.ActiveCfg = Release|Any CPU
		{55AEE8F4-36F2-4731-8967-198B00B31725}.Release|Any CPU.Build.0 = Release|Any CPU
	EndGlobalSection
	GlobalSection(SolutionProperties) = preSolution
		HideSolutionNode = FALSE
	EndGlobalSection
	GlobalSection(ExtensibilityGlobals) = postSolution
		SolutionGuid = {277B4A43-9673-4FED-B9B1-EB472A7BB2C0}
	EndGlobalSection
EndGlobal
